
Microsoft Visual Studio Solution File, Format Version 12.00
# Visual Studio Version 17
VisualStudioVersion = 17.4.33213.308
MinimumVisualStudioVersion = 10.0.40219.1
Project("{FAE04EC0-301F-11D3-BF4B-00C04F79EFBC}") = "proje", "proje\proje.csproj", "{D20E3306-E391-4577-9F32-ADC534CEFFEE}"
EndProject
Global
	GlobalSection(SolutionConfigurationPlatforms) = preSolution
		Debug|Any CPU = Debug|Any CPU
		Release|Any CPU = Release|Any CPU
	EndGlobalSection
	GlobalSection(ProjectConfigurationPlatforms) = postSolution
		{D20E3306-E391-4577-9F32-ADC534CEFFEE}.Debug|Any CPU.ActiveCfg = Debug|Any CPU
		{D20E3306-E391-4577-9F32-ADC534CEFFEE}.Debug|Any CPU.Build.0 = Debug|Any CPU
		{D20E3306-E391-4577-9F32-ADC534CEFFEE}.Release|Any CPU.ActiveCfg = Release|Any CPU
		{D20E3306-E391-4577-9F32-ADC534CEFFEE}.Release|Any CPU.Build.0 = Release|Any CPU
	EndGlobalSection
	GlobalSection(SolutionProperties) = preSolution
		HideSolutionNode = FALSE
	EndGlobalSection
	GlobalSection(ExtensibilityGlobals) = postSolution
		SolutionGuid = {4119E885-1F65-40F1-A909-5A936EB94FEB}
	EndGlobalSection
EndGlobal
